
Microsoft Visual Studio Solution File, Format Version 12.00
# Visual Studio Version 16
VisualStudioVersion = 16.0.32901.82
MinimumVisualStudioVersion = 10.0.40219.1
Project("{8BC9CEB8-8B4A-11D0-8D11-00A0C91BC942}") = "Project4.4", "Project4.4\Project4.4.vcxproj", "{CBD85D46-BB28-4A67-83B7-0E01284A0F71}"
EndProject
Global
	GlobalSection(SolutionConfigurationPlatforms) = preSolution
		Debug|x64 = Debug|x64
		Debug|x86 = Debug|x86
		Release|x64 = Release|x64
		Release|x86 = Release|x86
	EndGlobalSection
	GlobalSection(ProjectConfigurationPlatforms) = postSolution
		{CBD85D46-BB28-4A67-83B7-0E01284A0F71}.Debug|x64.ActiveCfg = Debug|x64
		{CBD85D46-BB28-4A67-83B7-0E01284A0F71}.Debug|x64.Build.0 = Debug|x64
		{CBD85D46-BB28-4A67-83B7-0E01284A0F71}.Debug|x86.ActiveCfg = Debug|Win32
		{CBD85D46-BB28-4A67-83B7-0E01284A0F71}.Debug|x86.Build.0 = Debug|Win32
		{CBD85D46-BB28-4A67-83B7-0E01284A0F71}.Release|x64.ActiveCfg = Release|x64
		{CBD85D46-BB28-4A67-83B7-0E01284A0F71}.Release|x64.Build.0 = Release|x64
		{CBD85D46-BB28-4A67-83B7-0E01284A0F71}.Release|x86.ActiveCfg = Release|Win32
		{CBD85D46-BB28-4A67-83B7-0E01284A0F71}.Release|x86.Build.0 = Release|Win32
	EndGlobalSection
	GlobalSection(SolutionProperties) = preSolution
		HideSolutionNode = FALSE
	EndGlobalSection
	GlobalSection(ExtensibilityGlobals) = postSolution
		SolutionGuid = {E198F95A-917B-4FDD-A2D2-2B786352EDA8}
	EndGlobalSection
EndGlobal
